
Microsoft Visual Studio Solution File, Format Version 12.00
# Visual Studio Version 17
VisualStudioVersion = 17.7.34221.43
MinimumVisualStudioVersion = 10.0.40219.1
Project("{FAE04EC0-301F-11D3-BF4B-00C04F79EFBC}") = "EmpMgmtSystem_CW", "EmpMgmtSystem_CW.csproj", "{42EE1E69-4834-4E56-9B01-DFAD7670D0CE}"
EndProject
Global
	GlobalSection(SolutionConfigurationPlatforms) = preSolution
		Debug|Any CPU = Debug|Any CPU
		Release|Any CPU = Release|Any CPU
	EndGlobalSection
	GlobalSection(ProjectConfigurationPlatforms) = postSolution
		{42EE1E69-4834-4E56-9B01-DFAD7670D0CE}.Debug|Any CPU.ActiveCfg = Debug|Any CPU
		{42EE1E69-4834-4E56-9B01-DFAD7670D0CE}.Debug|Any CPU.Build.0 = Debug|Any CPU
		{42EE1E69-4834-4E56-9B01-DFAD7670D0CE}.Release|Any CPU.ActiveCfg = Release|Any CPU
		{42EE1E69-4834-4E56-9B01-DFAD7670D0CE}.Release|Any CPU.Build.0 = Release|Any CPU
	EndGlobalSection
	GlobalSection(SolutionProperties) = preSolution
		HideSolutionNode = FALSE
	EndGlobalSection
	GlobalSection(ExtensibilityGlobals) = postSolution
		SolutionGuid = {D7D4648A-92F3-4985-86C0-A1AB1DF7FE6C}
	EndGlobalSection
EndGlobal
